
Microsoft Visual Studio Solution File, Format Version 12.00
# Visual Studio 15
VisualStudioVersion = 15.0.27130.2027
MinimumVisualStudioVersion = 10.0.40219.1
Project("{FAE04EC0-301F-11D3-BF4B-00C04F79EFBC}") = "Easy", "LeetCode\Easy.csproj", "{6BCE3DB4-1A29-4B87-A4A5-0829407778DE}"
EndProject
Project("{FAE04EC0-301F-11D3-BF4B-00C04F79EFBC}") = "Medium", "Medium\Medium.csproj", "{38AE65F8-9763-4BB5-8477-E158237FB775}"
EndProject
Global
	GlobalSection(SolutionConfigurationPlatforms) = preSolution
		Debug|Any CPU = Debug|Any CPU
		Release|Any CPU = Release|Any CPU
	EndGlobalSection
	GlobalSection(ProjectConfigurationPlatforms) = postSolution
		{6BCE3DB4-1A29-4B87-A4A5-0829407778DE}.Debug|Any CPU.ActiveCfg = Debug|Any CPU
		{6BCE3DB4-1A29-4B87-A4A5-0829407778DE}.Debug|Any CPU.Build.0 = Debug|Any CPU
		{6BCE3DB4-1A29-4B87-A4A5-0829407778DE}.Release|Any CPU.ActiveCfg = Release|Any CPU
		{6BCE3DB4-1A29-4B87-A4A5-0829407778DE}.Release|Any CPU.Build.0 = Release|Any CPU
		{38AE65F8-9763-4BB5-8477-E158237FB775}.Debug|Any CPU.ActiveCfg = Debug|Any CPU
		{38AE65F8-9763-4BB5-8477-E158237FB775}.Debug|Any CPU.Build.0 = Debug|Any CPU
		{38AE65F8-9763-4BB5-8477-E158237FB775}.Release|Any CPU.ActiveCfg = Release|Any CPU
		{38AE65F8-9763-4BB5-8477-E158237FB775}.Release|Any CPU.Build.0 = Release|Any CPU
	EndGlobalSection
	GlobalSection(SolutionProperties) = preSolution
		HideSolutionNode = FALSE
	EndGlobalSection
	GlobalSection(ExtensibilityGlobals) = postSolution
		SolutionGuid = {324CCC63-5560-49B7-B91B-0B3DE0CB954E}
	EndGlobalSection
EndGlobal
